// !$*UTF8*$!
{
	archiveVersion = 1;
	classes = {
	};
	objectVersion = 46;
	objects = {

/* Begin PBXBuildFile section */
		920ED8B41ECBCC5800CF981C /* InfoVC.swift in Sources */ = {isa = PBXBuildFile; fileRef = 920ED8B31ECBCC5800CF981C /* InfoVC.swift */; };
		9286F3B21ECDF253009FAFFD /* StartScreenVC.swift in Sources */ = {isa = PBXBuildFile; fileRef = 9286F3B11ECDF253009FAFFD /* StartScreenVC.swift */; };
		9286F3B41ECE532F009FAFFD /* ScaleTableViewCell.swift in Sources */ = {isa = PBXBuildFile; fileRef = 9286F3B31ECE532F009FAFFD /* ScaleTableViewCell.swift */; };
		9286F3B61ECE75DC009FAFFD /* ScalesTableViewController.swift in Sources */ = {isa = PBXBuildFile; fileRef = 9286F3B51ECE75DC009FAFFD /* ScalesTableViewController.swift */; };
		92CD49171EC5F4BD00E351C9 /* AppDelegate.swift in Sources */ = {isa = PBXBuildFile; fileRef = 92CD49161EC5F4BD00E351C9 /* AppDelegate.swift */; };
		92CD49191EC5F4BD00E351C9 /* ViewController.swift in Sources */ = {isa = PBXBuildFile; fileRef = 92CD49181EC5F4BD00E351C9 /* ViewController.swift */; };
		92CD491C1EC5F4BD00E351C9 /* Main.storyboard in Resources */ = {isa = PBXBuildFile; fileRef = 92CD491A1EC5F4BD00E351C9 /* Main.storyboard */; };
		92CD491E1EC5F4BD00E351C9 /* Assets.xcassets in Resources */ = {isa = PBXBuildFile; fileRef = 92CD491D1EC5F4BD00E351C9 /* Assets.xcassets */; };
		92CD49211EC5F4BD00E351C9 /* LaunchScreen.storyboard in Resources */ = {isa = PBXBuildFile; fileRef = 92CD491F1EC5F4BD00E351C9 /* LaunchScreen.storyboard */; };
		92CD492E1EC5F86C00E351C9 /* snap1.wav in Resources */ = {isa = PBXBuildFile; fileRef = 92CD492C1EC5F86C00E351C9 /* snap1.wav */; };
		92CD492F1EC5F86C00E351C9 /* snap2.wav in Resources */ = {isa = PBXBuildFile; fileRef = 92CD492D1EC5F86C00E351C9 /* snap2.wav */; };
/* End PBXBuildFile section */

/* Begin PBXFileReference section */
		920ED8B31ECBCC5800CF981C /* InfoVC.swift */ = {isa = PBXFileReference; fileEncoding = 4; lastKnownFileType = sourcecode.swift; path = InfoVC.swift; sourceTree = "<group>"; };
		9286F3B11ECDF253009FAFFD /* StartScreenVC.swift */ = {isa = PBXFileReference; fileEncoding = 4; lastKnownFileType = sourcecode.swift; path = StartScreenVC.swift; sourceTree = "<group>"; };
		9286F3B31ECE532F009FAFFD /* ScaleTableViewCell.swift */ = {isa = PBXFileReference; fileEncoding = 4; lastKnownFileType = sourcecode.swift; path = ScaleTableViewCell.swift; sourceTree = "<group>"; };
		9286F3B51ECE75DC009FAFFD /* ScalesTableViewController.swift */ = {isa = PBXFileReference; fileEncoding = 4; lastKnownFileType = sourcecode.swift; path = ScalesTableViewController.swift; sourceTree = "<group>"; };
		92CD49131EC5F4BD00E351C9 /* MetronomeAttempt.app */ = {isa = PBXFileReference; explicitFileType = wrapper.application; includeInIndex = 0; path = MetronomeAttempt.app; sourceTree = BUILT_PRODUCTS_DIR; };
		92CD49161EC5F4BD00E351C9 /* AppDelegate.swift */ = {isa = PBXFileReference; lastKnownFileType = sourcecode.swift; path = AppDelegate.swift; sourceTree = "<group>"; };
		92CD49181EC5F4BD00E351C9 /* ViewController.swift */ = {isa = PBXFileReference; lastKnownFileType = sourcecode.swift; path = ViewController.swift; sourceTree = "<group>"; };
		92CD491B1EC5F4BD00E351C9 /* Base */ = {isa = PBXFileReference; lastKnownFileType = file.storyboard; name = Base; path = Base.lproj/Main.storyboard; sourceTree = "<group>"; };
		92CD491D1EC5F4BD00E351C9 /* Assets.xcassets */ = {isa = PBXFileReference; lastKnownFileType = folder.assetcatalog; path = Assets.xcassets; sourceTree = "<group>"; };
		92CD49201EC5F4BD00E351C9 /* Base */ = {isa = PBXFileReference; lastKnownFileType = file.storyboard; name = Base; path = Base.lproj/LaunchScreen.storyboard; sourceTree = "<group>"; };
		92CD49221EC5F4BD00E351C9 /* Info.plist */ = {isa = PBXFileReference; lastKnownFileType = text.plist.xml; path = Info.plist; sourceTree = "<group>"; };
		92CD492C1EC5F86C00E351C9 /* snap1.wav */ = {isa = PBXFileReference; lastKnownFileType = audio.wav; path = snap1.wav; sourceTree = "<group>"; };
		92CD492D1EC5F86C00E351C9 /* snap2.wav */ = {isa = PBXFileReference; lastKnownFileType = audio.wav; path = snap2.wav; sourceTree = "<group>"; };
/* End PBXFileReference section */

/* Begin PBXFrameworksBuildPhase section */
		92CD49101EC5F4BD00E351C9 /* Frameworks */ = {
			isa = PBXFrameworksBuildPhase;
			buildActionMask = 2147483647;
			files = (
			);
			runOnlyForDeploymentPostprocessing = 0;
		};
/* End PBXFrameworksBuildPhase section */

/* Begin PBXGroup section */
		92C949B41EDB952C00792A15 /* Controller */ = {
			isa = PBXGroup;
			children = (
				9286F3B11ECDF253009FAFFD /* StartScreenVC.swift */,
				92CD49181EC5F4BD00E351C9 /* ViewController.swift */,
				9286F3B51ECE75DC009FAFFD /* ScalesTableViewController.swift */,
				920ED8B31ECBCC5800CF981C /* InfoVC.swift */,
			);
			name = Controller;
			sourceTree = "<group>";
		};
		92C949B61EDB954100792A15 /* View */ = {
			isa = PBXGroup;
			children = (
				9286F3B31ECE532F009FAFFD /* ScaleTableViewCell.swift */,
			);
			name = View;
			sourceTree = "<group>";
		};
		92C949B71EDB954900792A15 /* Model */ = {
			isa = PBXGroup;
			children = (
			);
			name = Model;
			sourceTree = "<group>";
		};
		92C949B81EDB958600792A15 /* Files */ = {
			isa = PBXGroup;
			children = (
				92CD492C1EC5F86C00E351C9 /* snap1.wav */,
				92CD492D1EC5F86C00E351C9 /* snap2.wav */,
			);
			name = Files;
			sourceTree = "<group>";
		};
		92CD490A1EC5F4BD00E351C9 = {
			isa = PBXGroup;
			children = (
				92CD49151EC5F4BD00E351C9 /* MetronomeAttempt */,
				92CD49141EC5F4BD00E351C9 /* Products */,
			);
			sourceTree = "<group>";
		};
		92CD49141EC5F4BD00E351C9 /* Products */ = {
			isa = PBXGroup;
			children = (
				92CD49131EC5F4BD00E351C9 /* MetronomeAttempt.app */,
			);
			name = Products;
			sourceTree = "<group>";
		};
		92CD49151EC5F4BD00E351C9 /* MetronomeAttempt */ = {
			isa = PBXGroup;
			children = (
				92C949B81EDB958600792A15 /* Files */,
				92C949B71EDB954900792A15 /* Model */,
				92C949B61EDB954100792A15 /* View */,
				92C949B41EDB952C00792A15 /* Controller */,
				92CD49161EC5F4BD00E351C9 /* AppDelegate.swift */,
				92CD491A1EC5F4BD00E351C9 /* Main.storyboard */,
				92CD491D1EC5F4BD00E351C9 /* Assets.xcassets */,
				92CD491F1EC5F4BD00E351C9 /* LaunchScreen.storyboard */,
				92CD49221EC5F4BD00E351C9 /* Info.plist */,
			);
			path = MetronomeAttempt;
			sourceTree = "<group>";
		};
/* End PBXGroup section */

/* Begin PBXNativeTarget section */
		92CD49121EC5F4BD00E351C9 /* MetronomeAttempt */ = {
			isa = PBXNativeTarget;
			buildConfigurationList = 92CD49251EC5F4BD00E351C9 /* Build configuration list for PBXNativeTarget "MetronomeAttempt" */;
			buildPhases = (
				92CD490F1EC5F4BD00E351C9 /* Sources */,
				92CD49101EC5F4BD00E351C9 /* Frameworks */,
				92CD49111EC5F4BD00E351C9 /* Resources */,
			);
			buildRules = (
			);
			dependencies = (
			);
			name = MetronomeAttempt;
			productName = MetronomeAttempt;
			productReference = 92CD49131EC5F4BD00E351C9 /* MetronomeAttempt.app */;
			productType = "com.apple.product-type.application";
		};
/* End PBXNativeTarget section */

/* Begin PBXProject section */
		92CD490B1EC5F4BD00E351C9 /* Project object */ = {
			isa = PBXProject;
			attributes = {
				LastSwiftUpdateCheck = 0830;
				LastUpgradeCheck = 0920;
				ORGANIZATIONNAME = "Kian Salem";
				TargetAttributes = {
					92CD49121EC5F4BD00E351C9 = {
						CreatedOnToolsVersion = 8.3.1;
						DevelopmentTeam = H42GLY7MG2;
						LastSwiftMigration = 0920;
						ProvisioningStyle = Automatic;
					};
				};
			};
			buildConfigurationList = 92CD490E1EC5F4BD00E351C9 /* Build configuration list for PBXProject "MetronomeAttempt" */;
			compatibilityVersion = "Xcode 3.2";
			developmentRegion = English;
			hasScannedForEncodings = 0;
			knownRegions = (
				en,
				Base,
			);
			mainGroup = 92CD490A1EC5F4BD00E351C9;
			productRefGroup = 92CD49141EC5F4BD00E351C9 /* Products */;
			projectDirPath = "";
			projectRoot = "";
			targets = (
				92CD49121EC5F4BD00E351C9 /* MetronomeAttempt */,
			);
		};
/* End PBXProject section */

/* Begin PBXResourcesBuildPhase section */
		92CD49111EC5F4BD00E351C9 /* Resources */ = {
			isa = PBXResourcesBuildPhase;
			buildActionMask = 2147483647;
			files = (
				92CD492E1EC5F86C00E351C9 /* snap1.wav in Resources */,
				92CD49211EC5F4BD00E351C9 /* LaunchScreen.storyboard in Resources */,
				92CD491E1EC5F4BD00E351C9 /* Assets.xcassets in Resources */,
				92CD492F1EC5F86C00E351C9 /* snap2.wav in Resources */,
				92CD491C1EC5F4BD00E351C9 /* Main.storyboard in Resources */,
			);
			runOnlyForDeploymentPostprocessing = 0;
		};
/* End PBXResourcesBuildPhase section */

/* Begin PBXSourcesBuildPhase section */
		92CD490F1EC5F4BD00E351C9 /* Sources */ = {
			isa = PBXSourcesBuildPhase;
			buildActionMask = 2147483647;
			files = (
				920ED8B41ECBCC5800CF981C /* InfoVC.swift in Sources */,
				9286F3B41ECE532F009FAFFD /* ScaleTableViewCell.swift in Sources */,
				9286F3B21ECDF253009FAFFD /* StartScreenVC.swift in Sources */,
				92CD49191EC5F4BD00E351C9 /* ViewController.swift in Sources */,
				9286F3B61ECE75DC009FAFFD /* ScalesTableViewController.swift in Sources */,
				92CD49171EC5F4BD00E351C9 /* AppDelegate.swift in Sources */,
			);
			runOnlyForDeploymentPostprocessing = 0;
		};
/* End PBXSourcesBuildPhase section */

/* Begin PBXVariantGroup section */
		92CD491A1EC5F4BD00E351C9 /* Main.storyboard */ = {
			isa = PBXVariantGroup;
			children = (
				92CD491B1EC5F4BD00E351C9 /* Base */,
			);
			name = Main.storyboard;
			sourceTree = "<group>";
		};
		92CD491F1EC5F4BD00E351C9 /* LaunchScreen.storyboard */ = {
			isa = PBXVariantGroup;
			children = (
				92CD49201EC5F4BD00E351C9 /* Base */,
			);
			name = LaunchScreen.storyboard;
			sourceTree = "<group>";
		};
/* End PBXVariantGroup section */

/* Begin XCBuildConfiguration section */
		92CD49231EC5F4BD00E351C9 /* Debug */ = {
			isa = XCBuildConfiguration;
			buildSettings = {
				ALWAYS_SEARCH_USER_PATHS = NO;
				CLANG_ANALYZER_NONNULL = YES;
				CLANG_ANALYZER_NUMBER_OBJECT_CONVERSION = YES_AGGRESSIVE;
				CLANG_CXX_LANGUAGE_STANDARD = "gnu++0x";
				CLANG_CXX_LIBRARY = "libc++";
				CLANG_ENABLE_MODULES = YES;
				CLANG_ENABLE_OBJC_ARC = YES;
				CLANG_WARN_BLOCK_CAPTURE_AUTORELEASING = YES;
				CLANG_WARN_BOOL_CONVERSION = YES;
				CLANG_WARN_COMMA = YES;
				CLANG_WARN_CONSTANT_CONVERSION = YES;
				CLANG_WARN_DIRECT_OBJC_ISA_USAGE = YES_ERROR;
				CLANG_WARN_DOCUMENTATION_COMMENTS = YES;
				CLANG_WARN_EMPTY_BODY = YES;
				CLANG_WARN_ENUM_CONVERSION = YES;
				CLANG_WARN_INFINITE_RECURSION = YES;
				CLANG_WARN_INT_CONVERSION = YES;
				CLANG_WARN_NON_LITERAL_NULL_CONVERSION = YES;
				CLANG_WARN_OBJC_LITERAL_CONVERSION = YES;
				CLANG_WARN_OBJC_ROOT_CLASS = YES_ERROR;
				CLANG_WARN_RANGE_LOOP_ANALYSIS = YES;
				CLANG_WARN_STRICT_PROTOTYPES = YES;
				CLANG_WARN_SUSPICIOUS_MOVE = YES;
				CLANG_WARN_UNREACHABLE_CODE = YES;
				CLANG_WARN__DUPLICATE_METHOD_MATCH = YES;
				"CODE_SIGN_IDENTITY[sdk=iphoneos*]" = "iPhone Developer";
				COPY_PHASE_STRIP = NO;
				DEBUG_INFORMATION_FORMAT = dwarf;
				ENABLE_STRICT_OBJC_MSGSEND = YES;
				ENABLE_TESTABILITY = YES;
				GCC_C_LANGUAGE_STANDARD = gnu99;
				GCC_DYNAMIC_NO_PIC = NO;
				GCC_NO_COMMON_BLOCKS = YES;
				GCC_OPTIMIZATION_LEVEL = 0;
				GCC_PREPROCESSOR_DEFINITIONS = (
					"DEBUG=1",
					"$(inherited)",
				);
				GCC_WARN_64_TO_32_BIT_CONVERSION = YES;
				GCC_WARN_ABOUT_RETURN_TYPE = YES_ERROR;
				GCC_WARN_UNDECLARED_SELECTOR = YES;
				GCC_WARN_UNINITIALIZED_AUTOS = YES_AGGRESSIVE;
				GCC_WARN_UNUSED_FUNCTION = YES;
				GCC_WARN_UNUSED_VARIABLE = YES;
				IPHONEOS_DEPLOYMENT_TARGET = 10.3;
				MTL_ENABLE_DEBUG_INFO = YES;
				ONLY_ACTIVE_ARCH = YES;
				SDKROOT = iphoneos;
				SWIFT_ACTIVE_COMPILATION_CONDITIONS = DEBUG;
				SWIFT_OPTIMIZATION_LEVEL = "-Onone";
				TARGETED_DEVICE_FAMILY = "1,2";
			};
			name = Debug;
		};
		92CD49241EC5F4BD00E351C9 /* Release */ = {
			isa = XCBuildConfiguration;
			buildSettings = {
				ALWAYS_SEARCH_USER_PATHS = NO;
				CLANG_ANALYZER_NONNULL = YES;
				CLANG_ANALYZER_NUMBER_OBJECT_CONVERSION = YES_AGGRESSIVE;
				CLANG_CXX_LANGUAGE_STANDARD = "gnu++0x";
				CLANG_CXX_LIBRARY = "libc++";
				CLANG_ENABLE_MODULES = YES;
				CLANG_ENABLE_OBJC_ARC = YES;
				CLANG_WARN_BLOCK_CAPTURE_AUTORELEASING = YES;
				CLANG_WARN_BOOL_CONVERSION = YES;
				CLANG_WARN_COMMA = YES;
				CLANG_WARN_CONSTANT_CONVERSION = YES;
				CLANG_WARN_DIRECT_OBJC_ISA_USAGE = YES_ERROR;
				CLANG_WARN_DOCUMENTATION_COMMENTS = YES;
				CLANG_WARN_EMPTY_BODY = YES;
				CLANG_WARN_ENUM_CONVERSION = YES;
				CLANG_WARN_INFINITE_RECURSION = YES;
				CLANG_WARN_INT_CONVERSION = YES;
				CLANG_WARN_NON_LITERAL_NULL_CONVERSION = YES;
				CLANG_WARN_OBJC_LITERAL_CONVERSION = YES;
				CLANG_WARN_OBJC_ROOT_CLASS = YES_ERROR;
				CLANG_WARN_RANGE_LOOP_ANALYSIS = YES;
				CLANG_WARN_STRICT_PROTOTYPES = YES;
				CLANG_WARN_SUSPICIOUS_MOVE = YES;
				CLANG_WARN_UNREACHABLE_CODE = YES;
				CLANG_WARN__DUPLICATE_METHOD_MATCH = YES;
				"CODE_SIGN_IDENTITY[sdk=iphoneos*]" = "iPhone Developer";
				COPY_PHASE_STRIP = NO;
				DEBUG_INFORMATION_FORMAT = "dwarf-with-dsym";
				ENABLE_NS_ASSERTIONS = NO;
				ENABLE_STRICT_OBJC_MSGSEND = YES;
				GCC_C_LANGUAGE_STANDARD = gnu99;
				GCC_NO_COMMON_BLOCKS = YES;
				GCC_WARN_64_TO_32_BIT_CONVERSION = YES;
				GCC_WARN_ABOUT_RETURN_TYPE = YES_ERROR;
				GCC_WARN_UNDECLARED_SELECTOR = YES;
				GCC_WARN_UNINITIALIZED_AUTOS = YES_AGGRESSIVE;
				GCC_WARN_UNUSED_FUNCTION = YES;
				GCC_WARN_UNUSED_VARIABLE = YES;
				IPHONEOS_DEPLOYMENT_TARGET = 10.3;
				MTL_ENABLE_DEBUG_INFO = NO;
				SDKROOT = iphoneos;
				SWIFT_OPTIMIZATION_LEVEL = "-Owholemodule";
				TARGETED_DEVICE_FAMILY = "1,2";
				VALIDATE_PRODUCT = YES;
			};
			name = Release;
		};
		92CD49261EC5F4BD00E351C9 /* Debug */ = {
			isa = XCBuildConfiguration;
			buildSettings = {
				ASSETCATALOG_COMPILER_APPICON_NAME = AppIcon;
				DEBUG_ACTIVITY_MODE = "";
				"DEBUG_ACTIVITY_MODE[sdk=iphonesimulator*]" = disable;
				DEVELOPMENT_TEAM = H42GLY7MG2;
				INFOPLIST_FILE = MetronomeAttempt/Info.plist;
				IPHONEOS_DEPLOYMENT_TARGET = 10.2;
				LD_RUNPATH_SEARCH_PATHS = "$(inherited) @executable_path/Frameworks";
				PRODUCT_BUNDLE_IDENTIFIER = com.kiansalem.MetronomeAttempt;
				PRODUCT_NAME = "$(TARGET_NAME)";
				SWIFT_VERSION = 4.0;
			};
			name = Debug;
		};
		92CD49271EC5F4BD00E351C9 /* Release */ = {
			isa = XCBuildConfiguration;
			buildSettings = {
				ASSETCATALOG_COMPILER_APPICON_NAME = AppIcon;
				DEBUG_ACTIVITY_MODE = "";
				DEVELOPMENT_TEAM = H42GLY7MG2;
				INFOPLIST_FILE = MetronomeAttempt/Info.plist;
				IPHONEOS_DEPLOYMENT_TARGET = 10.2;
				LD_RUNPATH_SEARCH_PATHS = "$(inherited) @executable_path/Frameworks";
				PRODUCT_BUNDLE_IDENTIFIER = com.kiansalem.MetronomeAttempt;
				PRODUCT_NAME = "$(TARGET_NAME)";
				SWIFT_VERSION = 4.0;
			};
			name = Release;
		};
/* End XCBuildConfiguration section */

/* Begin XCConfigurationList section */
		92CD490E1EC5F4BD00E351C9 /* Build configuration list for PBXProject "MetronomeAttempt" */ = {
			isa = XCConfigurationList;
			buildConfigurations = (
				92CD49231EC5F4BD00E351C9 /* Debug */,
				92CD49241EC5F4BD00E351C9 /* Release */,
			);
			defaultConfigurationIsVisible = 0;
			defaultConfigurationName = Release;
		};
		92CD49251EC5F4BD00E351C9 /* Build configuration list for PBXNativeTarget "MetronomeAttempt" */ = {
			isa = XCConfigurationList;
			buildConfigurations = (
				92CD49261EC5F4BD00E351C9 /* Debug */,
				92CD49271EC5F4BD00E351C9 /* Release */,
			);
			defaultConfigurationIsVisible = 0;
			defaultConfigurationName = Release;
		};
/* End XCConfigurationList section */
	};
	rootObject = 92CD490B1EC5F4BD00E351C9 /* Project object */;
}
